lockfileVersion: '9.0'

settings:
  autoInstallPeers: true
  excludeLinksFromLockfile: false

importers:

  .:
    dependencies:
      '@hono/node-server':
        specifier: 1.11.4
        version: 1.11.4
      hono:
        specifier: 4.4.9
        version: 4.4.9
    devDependencies:
      '@types/node':
        specifier: 20.14.9
        version: 20.14.9

packages:

  '@hono/node-server@1.11.4':
    resolution: {integrity: sha512-8TOiiiAqcFC6f62P7M9p6adQREAlWdVi1awehAwgWW+3R65/rKzHnLARO/Hu/466z01VNViBoogqatqXJMyItA==}
    engines: {node: '>=18.14.1'}

  '@types/node@20.14.9':
    resolution: {integrity: sha512-06OCtnTXtWOZBJlRApleWndH4JsRVs1pDCc8dLSQp+7PpUpX3ePdHyeNSFTeSe7FtKyQkrlPvHwJOW3SLd8Oyg==}

  hono@4.4.9:
    resolution: {integrity: sha512-VW1hnYipHL/XsnSYiCTLJ+Z7iisZYWwSOiKXm9RBV2NKPxNqjfaHqeMFiDl11fK893ofmErvRpX20+FTNjZIjA==}
    engines: {node: '>=16.0.0'}

  undici-types@5.26.5:
    resolution: {integrity: sha512-JlCMO+ehdEIKqlFxk6IfVoAUVmgz7cU7zD/h9XZ0qzeosSHmUJVOzSQvvYSYWXkFXC+IfLKSIffhv0sVZup6pA==}

snapshots:

  '@hono/node-server@1.11.4': {}

  '@types/node@20.14.9':
    dependencies:
      undici-types: 5.26.5

  hono@4.4.9: {}

  undici-types@5.26.5: {}
